
Microsoft Visual Studio Solution File, Format Version 12.00
# Visual Studio Version 17
VisualStudioVersion = 17.12.35527.113
MinimumVisualStudioVersion = 10.0.40219.1
Project("{FAE04EC0-301F-11D3-BF4B-00C04F79EFBC}") = "ProjetoDeTreino", "ProjetoDeTreino\ProjetoDeTreino.csproj", "{4055AB27-92E1-4883-A342-481F665C3CAF}"
EndProject
Project("{FAE04EC0-301F-11D3-BF4B-00C04F79EFBC}") = "PostPostPost", "PostPostPost\PostPostPost.csproj", "{90C14039-FB22-4DB3-A424-C34E3DDFB6D6}"
EndProject
Project("{FAE04EC0-301F-11D3-BF4B-00C04F79EFBC}") = "AluguelEstudante", "AluguelEstudante\AluguelEstudante.csproj", "{7D78CA9F-2853-43EC-81F0-8F96115E1358}"
EndProject
Project("{FAE04EC0-301F-11D3-BF4B-00C04F79EFBC}") = "ContaBancaria", "ContaBancaria\ContaBancaria.csproj", "{F553725F-5CD0-4E04-8CDA-5D31C0A4D643}"
EndProject
Project("{FAE04EC0-301F-11D3-BF4B-00C04F79EFBC}") = "ConsoleApp1", "CotacaoDolar\ConsoleApp1.csproj", "{53934A3E-CBFD-425C-AF63-2254C15BEE44}"
EndProject
Project("{FAE04EC0-301F-11D3-BF4B-00C04F79EFBC}") = "WorkerProject", "WorkerProject\WorkerProject.csproj", "{5DE901AB-C42F-402C-B0EC-3717D169EEFF}"
EndProject
Global
	GlobalSection(SolutionConfigurationPlatforms) = preSolution
		Debug|Any CPU = Debug|Any CPU
		Release|Any CPU = Release|Any CPU
	EndGlobalSection
	GlobalSection(ProjectConfigurationPlatforms) = postSolution
		{4055AB27-92E1-4883-A342-481F665C3CAF}.Debug|Any CPU.ActiveCfg = Debug|Any CPU
		{4055AB27-92E1-4883-A342-481F665C3CAF}.Debug|Any CPU.Build.0 = Debug|Any CPU
		{4055AB27-92E1-4883-A342-481F665C3CAF}.Release|Any CPU.ActiveCfg = Release|Any CPU
		{4055AB27-92E1-4883-A342-481F665C3CAF}.Release|Any CPU.Build.0 = Release|Any CPU
		{90C14039-FB22-4DB3-A424-C34E3DDFB6D6}.Debug|Any CPU.ActiveCfg = Debug|Any CPU
		{90C14039-FB22-4DB3-A424-C34E3DDFB6D6}.Debug|Any CPU.Build.0 = Debug|Any CPU
		{90C14039-FB22-4DB3-A424-C34E3DDFB6D6}.Release|Any CPU.ActiveCfg = Release|Any CPU
		{90C14039-FB22-4DB3-A424-C34E3DDFB6D6}.Release|Any CPU.Build.0 = Release|Any CPU
		{7D78CA9F-2853-43EC-81F0-8F96115E1358}.Debug|Any CPU.ActiveCfg = Debug|Any CPU
		{7D78CA9F-2853-43EC-81F0-8F96115E1358}.Debug|Any CPU.Build.0 = Debug|Any CPU
		{7D78CA9F-2853-43EC-81F0-8F96115E1358}.Release|Any CPU.ActiveCfg = Release|Any CPU
		{7D78CA9F-2853-43EC-81F0-8F96115E1358}.Release|Any CPU.Build.0 = Release|Any CPU
		{F553725F-5CD0-4E04-8CDA-5D31C0A4D643}.Debug|Any CPU.ActiveCfg = Debug|Any CPU
		{F553725F-5CD0-4E04-8CDA-5D31C0A4D643}.Debug|Any CPU.Build.0 = Debug|Any CPU
		{F553725F-5CD0-4E04-8CDA-5D31C0A4D643}.Release|Any CPU.ActiveCfg = Release|Any CPU
		{F553725F-5CD0-4E04-8CDA-5D31C0A4D643}.Release|Any CPU.Build.0 = Release|Any CPU
		{53934A3E-CBFD-425C-AF63-2254C15BEE44}.Debug|Any CPU.ActiveCfg = Debug|Any CPU
		{53934A3E-CBFD-425C-AF63-2254C15BEE44}.Debug|Any CPU.Build.0 = Debug|Any CPU
		{53934A3E-CBFD-425C-AF63-2254C15BEE44}.Release|Any CPU.ActiveCfg = Release|Any CPU
		{53934A3E-CBFD-425C-AF63-2254C15BEE44}.Release|Any CPU.Build.0 = Release|Any CPU
		{5DE901AB-C42F-402C-B0EC-3717D169EEFF}.Debug|Any CPU.ActiveCfg = Debug|Any CPU
		{5DE901AB-C42F-402C-B0EC-3717D169EEFF}.Debug|Any CPU.Build.0 = Debug|Any CPU
		{5DE901AB-C42F-402C-B0EC-3717D169EEFF}.Release|Any CPU.ActiveCfg = Release|Any CPU
		{5DE901AB-C42F-402C-B0EC-3717D169EEFF}.Release|Any CPU.Build.0 = Release|Any CPU
	EndGlobalSection
	GlobalSection(SolutionProperties) = preSolution
		HideSolutionNode = FALSE
	EndGlobalSection
EndGlobal
