
Microsoft Visual Studio Solution File, Format Version 12.00
# Visual Studio Version 17
VisualStudioVersion = 17.12.35527.113
MinimumVisualStudioVersion = 10.0.40219.1
Project("{FAE04EC0-301F-11D3-BF4B-00C04F79EFBC}") = "ProjetoDeTreino", "ProjetoDeTreino\ProjetoDeTreino.csproj", "{4055AB27-92E1-4883-A342-481F665C3CAF}"
EndProject
Project("{FAE04EC0-301F-11D3-BF4B-00C04F79EFBC}") = "PostPostPost", "PostPostPost\PostPostPost.csproj", "{90C14039-FB22-4DB3-A424-C34E3DDFB6D6}"
EndProject
Project("{FAE04EC0-301F-11D3-BF4B-00C04F79EFBC}") = "AluguelEstudante", "AluguelEstudante\AluguelEstudante.csproj", "{7D78CA9F-2853-43EC-81F0-8F96115E1358}"
EndProject
Project("{FAE04EC0-301F-11D3-BF4B-00C04F79EFBC}") = "ContaBancaria", "ContaBancaria\ContaBancaria.csproj", "{F553725F-5CD0-4E04-8CDA-5D31C0A4D643}"
EndProject
Project("{FAE04EC0-301F-11D3-BF4B-00C04F79EFBC}") = "WorkerProject", "WorkerProject\WorkerProject.csproj", "{5DE901AB-C42F-402C-B0EC-3717D169EEFF}"
EndProject
Project("{FAE04EC0-301F-11D3-BF4B-00C04F79EFBC}") = "CotacaoDolar", "CotacaoDolar\CotacaoDolar.csproj", "{EEEFE854-B4E3-47F5-BDF3-BCEF4CF5D133}"
EndProject
Project("{FAE04EC0-301F-11D3-BF4B-00C04F79EFBC}") = "ShapesApp", "ShapesApp\ShapesApp.csproj", "{7717CFFB-D410-427F-A068-318E7D658DCA}"
EndProject
Project("{FAE04EC0-301F-11D3-BF4B-00C04F79EFBC}") = "LeituraArquivo", "LeituraArquivo\LeituraArquivo.csproj", "{863B4448-F384-4D68-A9A5-021DD8E9E67B}"
EndProject
Project("{FAE04EC0-301F-11D3-BF4B-00C04F79EFBC}") = "Rentals", "Rentals\Rentals.csproj", "{D76F2E10-3EC7-42D5-B67F-0DEA85A6D5AE}"
EndProject
Global
	GlobalSection(SolutionConfigurationPlatforms) = preSolution
		Debug|Any CPU = Debug|Any CPU
		Release|Any CPU = Release|Any CPU
	EndGlobalSection
	GlobalSection(ProjectConfigurationPlatforms) = postSolution
		{4055AB27-92E1-4883-A342-481F665C3CAF}.Debug|Any CPU.ActiveCfg = Debug|Any CPU
		{4055AB27-92E1-4883-A342-481F665C3CAF}.Debug|Any CPU.Build.0 = Debug|Any CPU
		{4055AB27-92E1-4883-A342-481F665C3CAF}.Release|Any CPU.ActiveCfg = Release|Any CPU
		{4055AB27-92E1-4883-A342-481F665C3CAF}.Release|Any CPU.Build.0 = Release|Any CPU
		{90C14039-FB22-4DB3-A424-C34E3DDFB6D6}.Debug|Any CPU.ActiveCfg = Debug|Any CPU
		{90C14039-FB22-4DB3-A424-C34E3DDFB6D6}.Debug|Any CPU.Build.0 = Debug|Any CPU
		{90C14039-FB22-4DB3-A424-C34E3DDFB6D6}.Release|Any CPU.ActiveCfg = Release|Any CPU
		{90C14039-FB22-4DB3-A424-C34E3DDFB6D6}.Release|Any CPU.Build.0 = Release|Any CPU
		{7D78CA9F-2853-43EC-81F0-8F96115E1358}.Debug|Any CPU.ActiveCfg = Debug|Any CPU
		{7D78CA9F-2853-43EC-81F0-8F96115E1358}.Debug|Any CPU.Build.0 = Debug|Any CPU
		{7D78CA9F-2853-43EC-81F0-8F96115E1358}.Release|Any CPU.ActiveCfg = Release|Any CPU
		{7D78CA9F-2853-43EC-81F0-8F96115E1358}.Release|Any CPU.Build.0 = Release|Any CPU
		{F553725F-5CD0-4E04-8CDA-5D31C0A4D643}.Debug|Any CPU.ActiveCfg = Debug|Any CPU
		{F553725F-5CD0-4E04-8CDA-5D31C0A4D643}.Debug|Any CPU.Build.0 = Debug|Any CPU
		{F553725F-5CD0-4E04-8CDA-5D31C0A4D643}.Release|Any CPU.ActiveCfg = Release|Any CPU
		{F553725F-5CD0-4E04-8CDA-5D31C0A4D643}.Release|Any CPU.Build.0 = Release|Any CPU
		{5DE901AB-C42F-402C-B0EC-3717D169EEFF}.Debug|Any CPU.ActiveCfg = Debug|Any CPU
		{5DE901AB-C42F-402C-B0EC-3717D169EEFF}.Debug|Any CPU.Build.0 = Debug|Any CPU
		{5DE901AB-C42F-402C-B0EC-3717D169EEFF}.Release|Any CPU.ActiveCfg = Release|Any CPU
		{5DE901AB-C42F-402C-B0EC-3717D169EEFF}.Release|Any CPU.Build.0 = Release|Any CPU
		{EEEFE854-B4E3-47F5-BDF3-BCEF4CF5D133}.Debug|Any CPU.ActiveCfg = Debug|Any CPU
		{EEEFE854-B4E3-47F5-BDF3-BCEF4CF5D133}.Debug|Any CPU.Build.0 = Debug|Any CPU
		{EEEFE854-B4E3-47F5-BDF3-BCEF4CF5D133}.Release|Any CPU.ActiveCfg = Release|Any CPU
		{EEEFE854-B4E3-47F5-BDF3-BCEF4CF5D133}.Release|Any CPU.Build.0 = Release|Any CPU
		{7717CFFB-D410-427F-A068-318E7D658DCA}.Debug|Any CPU.ActiveCfg = Debug|Any CPU
		{7717CFFB-D410-427F-A068-318E7D658DCA}.Debug|Any CPU.Build.0 = Debug|Any CPU
		{7717CFFB-D410-427F-A068-318E7D658DCA}.Release|Any CPU.ActiveCfg = Release|Any CPU
		{7717CFFB-D410-427F-A068-318E7D658DCA}.Release|Any CPU.Build.0 = Release|Any CPU
		{863B4448-F384-4D68-A9A5-021DD8E9E67B}.Debug|Any CPU.ActiveCfg = Debug|Any CPU
		{863B4448-F384-4D68-A9A5-021DD8E9E67B}.Debug|Any CPU.Build.0 = Debug|Any CPU
		{863B4448-F384-4D68-A9A5-021DD8E9E67B}.Release|Any CPU.ActiveCfg = Release|Any CPU
		{863B4448-F384-4D68-A9A5-021DD8E9E67B}.Release|Any CPU.Build.0 = Release|Any CPU
		{D76F2E10-3EC7-42D5-B67F-0DEA85A6D5AE}.Debug|Any CPU.ActiveCfg = Debug|Any CPU
		{D76F2E10-3EC7-42D5-B67F-0DEA85A6D5AE}.Debug|Any CPU.Build.0 = Debug|Any CPU
		{D76F2E10-3EC7-42D5-B67F-0DEA85A6D5AE}.Release|Any CPU.ActiveCfg = Release|Any CPU
		{D76F2E10-3EC7-42D5-B67F-0DEA85A6D5AE}.Release|Any CPU.Build.0 = Release|Any CPU
	EndGlobalSection
	GlobalSection(SolutionProperties) = preSolution
		HideSolutionNode = FALSE
	EndGlobalSection
EndGlobal
