
Microsoft Visual Studio Solution File, Format Version 12.00
# Visual Studio Version 17
VisualStudioVersion = 17.12.35527.113
MinimumVisualStudioVersion = 10.0.40219.1
Project("{FAE04EC0-301F-11D3-BF4B-00C04F79EFBC}") = "ProjetoDeTreino", "ProjetoDeTreino\ProjetoDeTreino.csproj", "{4055AB27-92E1-4883-A342-481F665C3CAF}"
EndProject
Project("{FAE04EC0-301F-11D3-BF4B-00C04F79EFBC}") = "AluguelEstudante", "..\AluguelEstudante\AluguelEstudante\AluguelEstudante.csproj", "{36A52A97-0EA4-4061-8F48-2B88A6C773A4}"
EndProject
Project("{FAE04EC0-301F-11D3-BF4B-00C04F79EFBC}") = "ContaBancaria", "..\pastas\ContaBancaria\ContaBancaria.csproj", "{F7DE7D03-4E17-426D-8369-9B31A0681A66}"
EndProject
Project("{FAE04EC0-301F-11D3-BF4B-00C04F79EFBC}") = "WorkerProject", "..\pastas\WorkerProject\WorkerProject.csproj", "{097135A2-DAE2-4180-A560-A4D2B1AD6883}"
EndProject
Project("{FAE04EC0-301F-11D3-BF4B-00C04F79EFBC}") = "CotacaoDolar", "..\pastas\CotacaoDolar\CotacaoDolar.csproj", "{B64324D5-FA51-4066-82B2-E78C2A647834}"
EndProject
Global
	GlobalSection(SolutionConfigurationPlatforms) = preSolution
		Debug|Any CPU = Debug|Any CPU
		Release|Any CPU = Release|Any CPU
	EndGlobalSection
	GlobalSection(ProjectConfigurationPlatforms) = postSolution
		{4055AB27-92E1-4883-A342-481F665C3CAF}.Debug|Any CPU.ActiveCfg = Debug|Any CPU
		{4055AB27-92E1-4883-A342-481F665C3CAF}.Debug|Any CPU.Build.0 = Debug|Any CPU
		{4055AB27-92E1-4883-A342-481F665C3CAF}.Release|Any CPU.ActiveCfg = Release|Any CPU
		{4055AB27-92E1-4883-A342-481F665C3CAF}.Release|Any CPU.Build.0 = Release|Any CPU
		{36A52A97-0EA4-4061-8F48-2B88A6C773A4}.Debug|Any CPU.ActiveCfg = Debug|Any CPU
		{36A52A97-0EA4-4061-8F48-2B88A6C773A4}.Debug|Any CPU.Build.0 = Debug|Any CPU
		{36A52A97-0EA4-4061-8F48-2B88A6C773A4}.Release|Any CPU.ActiveCfg = Release|Any CPU
		{36A52A97-0EA4-4061-8F48-2B88A6C773A4}.Release|Any CPU.Build.0 = Release|Any CPU
		{F7DE7D03-4E17-426D-8369-9B31A0681A66}.Debug|Any CPU.ActiveCfg = Debug|Any CPU
		{F7DE7D03-4E17-426D-8369-9B31A0681A66}.Debug|Any CPU.Build.0 = Debug|Any CPU
		{F7DE7D03-4E17-426D-8369-9B31A0681A66}.Release|Any CPU.ActiveCfg = Release|Any CPU
		{F7DE7D03-4E17-426D-8369-9B31A0681A66}.Release|Any CPU.Build.0 = Release|Any CPU
		{097135A2-DAE2-4180-A560-A4D2B1AD6883}.Debug|Any CPU.ActiveCfg = Debug|Any CPU
		{097135A2-DAE2-4180-A560-A4D2B1AD6883}.Debug|Any CPU.Build.0 = Debug|Any CPU
		{097135A2-DAE2-4180-A560-A4D2B1AD6883}.Release|Any CPU.ActiveCfg = Release|Any CPU
		{097135A2-DAE2-4180-A560-A4D2B1AD6883}.Release|Any CPU.Build.0 = Release|Any CPU
		{B64324D5-FA51-4066-82B2-E78C2A647834}.Debug|Any CPU.ActiveCfg = Debug|Any CPU
		{B64324D5-FA51-4066-82B2-E78C2A647834}.Debug|Any CPU.Build.0 = Debug|Any CPU
		{B64324D5-FA51-4066-82B2-E78C2A647834}.Release|Any CPU.ActiveCfg = Release|Any CPU
		{B64324D5-FA51-4066-82B2-E78C2A647834}.Release|Any CPU.Build.0 = Release|Any CPU
	EndGlobalSection
	GlobalSection(SolutionProperties) = preSolution
		HideSolutionNode = FALSE
	EndGlobalSection
EndGlobal
